// !$*UTF8*$!
{
	archiveVersion = 1;
	classes = {
	};
	objectVersion = 50;
	objects = {

/* Begin PBXBuildFile section */
		095AE5C424010FBD0022B535 /* AppDelegate.swift in Sources */ = {isa = PBXBuildFile; fileRef = 095AE5C324010FBD0022B535 /* AppDelegate.swift */; };
		095AE5C824010FBD0022B535 /* ViewController.swift in Sources */ = {isa = PBXBuildFile; fileRef = 095AE5C724010FBD0022B535 /* ViewController.swift */; };
		095AE5CB24010FBD0022B535 /* Main.storyboard in Resources */ = {isa = PBXBuildFile; fileRef = 095AE5C924010FBD0022B535 /* Main.storyboard */; };
		095AE5CD24010FC20022B535 /* Assets.xcassets in Resources */ = {isa = PBXBuildFile; fileRef = 095AE5CC24010FC20022B535 /* Assets.xcassets */; };
		095AE5D024010FC20022B535 /* LaunchScreen.storyboard in Resources */ = {isa = PBXBuildFile; fileRef = 095AE5CE24010FC20022B535 /* LaunchScreen.storyboard */; };
		095AE5F4240117A50022B535 /* NotificationCenter.framework in Frameworks */ = {isa = PBXBuildFile; fileRef = 095AE5DD24010FFA0022B535 /* NotificationCenter.framework */; };
		095AE5F7240117A50022B535 /* TodayViewController.swift in Sources */ = {isa = PBXBuildFile; fileRef = 095AE5F6240117A50022B535 /* TodayViewController.swift */; };
		095AE5FA240117A50022B535 /* MainInterface.storyboard in Resources */ = {isa = PBXBuildFile; fileRef = 095AE5F8240117A50022B535 /* MainInterface.storyboard */; };
		095AE5FE240117A50022B535 /* 电池.appex in Embed App Extensions */ = {isa = PBXBuildFile; fileRef = 095AE5F3240117A50022B535 /* 电池.appex */; settings = {ATTRIBUTES = (RemoveHeadersOnCopy, ); }; };
/* End PBXBuildFile section */

/* Begin PBXContainerItemProxy section */
		095AE5FC240117A50022B535 /* PBXContainerItemProxy */ = {
			isa = PBXContainerItemProxy;
			containerPortal = 095AE5B824010FBD0022B535 /* Project object */;
			proxyType = 1;
			remoteGlobalIDString = 095AE5F2240117A50022B535;
			remoteInfo = BatteryExtension;
		};
/* End PBXContainerItemProxy section */

/* Begin PBXCopyFilesBuildPhase section */
		095AE5EC24010FFA0022B535 /* Embed App Extensions */ = {
			isa = PBXCopyFilesBuildPhase;
			buildActionMask = 2147483647;
			dstPath = "";
			dstSubfolderSpec = 13;
			files = (
				095AE5FE240117A50022B535 /* 电池.appex in Embed App Extensions */,
			);
			name = "Embed App Extensions";
			runOnlyForDeploymentPostprocessing = 0;
		};
/* End PBXCopyFilesBuildPhase section */

/* Begin PBXFileReference section */
		095AE5C024010FBD0022B535 /* Battery.app */ = {isa = PBXFileReference; explicitFileType = wrapper.application; includeInIndex = 0; path = Battery.app; sourceTree = BUILT_PRODUCTS_DIR; };
		095AE5C324010FBD0022B535 /* AppDelegate.swift */ = {isa = PBXFileReference; lastKnownFileType = sourcecode.swift; path = AppDelegate.swift; sourceTree = "<group>"; };
		095AE5C724010FBD0022B535 /* ViewController.swift */ = {isa = PBXFileReference; lastKnownFileType = sourcecode.swift; path = ViewController.swift; sourceTree = "<group>"; };
		095AE5CA24010FBD0022B535 /* Base */ = {isa = PBXFileReference; lastKnownFileType = file.storyboard; name = Base; path = Base.lproj/Main.storyboard; sourceTree = "<group>"; };
		095AE5CC24010FC20022B535 /* Assets.xcassets */ = {isa = PBXFileReference; lastKnownFileType = folder.assetcatalog; path = Assets.xcassets; sourceTree = "<group>"; };
		095AE5CF24010FC20022B535 /* Base */ = {isa = PBXFileReference; lastKnownFileType = file.storyboard; name = Base; path = Base.lproj/LaunchScreen.storyboard; sourceTree = "<group>"; };
		095AE5D124010FC20022B535 /* Info.plist */ = {isa = PBXFileReference; lastKnownFileType = text.plist.xml; path = Info.plist; sourceTree = "<group>"; };
		095AE5DD24010FFA0022B535 /* NotificationCenter.framework */ = {isa = PBXFileReference; lastKnownFileType = wrapper.framework; name = NotificationCenter.framework; path = System/Library/Frameworks/NotificationCenter.framework; sourceTree = SDKROOT; };
		095AE5F3240117A50022B535 /* 电池.appex */ = {isa = PBXFileReference; explicitFileType = "wrapper.app-extension"; includeInIndex = 0; path = "电池.appex"; sourceTree = BUILT_PRODUCTS_DIR; };
		095AE5F6240117A50022B535 /* TodayViewController.swift */ = {isa = PBXFileReference; lastKnownFileType = sourcecode.swift; path = TodayViewController.swift; sourceTree = "<group>"; };
		095AE5F9240117A50022B535 /* Base */ = {isa = PBXFileReference; lastKnownFileType = file.storyboard; name = Base; path = Base.lproj/MainInterface.storyboard; sourceTree = "<group>"; };
		095AE5FB240117A50022B535 /* Info.plist */ = {isa = PBXFileReference; lastKnownFileType = text.plist.xml; path = Info.plist; sourceTree = "<group>"; };
		095AE60224012D210022B535 /* Battery.entitlements */ = {isa = PBXFileReference; lastKnownFileType = text.plist.entitlements; path = Battery.entitlements; sourceTree = "<group>"; };
		095AE60324012D470022B535 /* 电池.entitlements */ = {isa = PBXFileReference; lastKnownFileType = text.plist.entitlements; path = "电池.entitlements"; sourceTree = "<group>"; };
/* End PBXFileReference section */

/* Begin PBXFrameworksBuildPhase section */
		095AE5BD24010FBD0022B535 /* Frameworks */ = {
			isa = PBXFrameworksBuildPhase;
			buildActionMask = 2147483647;
			files = (
			);
			runOnlyForDeploymentPostprocessing = 0;
		};
		095AE5F0240117A50022B535 /* Frameworks */ = {
			isa = PBXFrameworksBuildPhase;
			buildActionMask = 2147483647;
			files = (
				095AE5F4240117A50022B535 /* NotificationCenter.framework in Frameworks */,
			);
			runOnlyForDeploymentPostprocessing = 0;
		};
/* End PBXFrameworksBuildPhase section */

/* Begin PBXGroup section */
		095AE5B724010FBD0022B535 = {
			isa = PBXGroup;
			children = (
				095AE5C224010FBD0022B535 /* Battery */,
				095AE5F5240117A50022B535 /* BatteryExtension */,
				095AE5DC24010FFA0022B535 /* Frameworks */,
				095AE5C124010FBD0022B535 /* Products */,
			);
			sourceTree = "<group>";
		};
		095AE5C124010FBD0022B535 /* Products */ = {
			isa = PBXGroup;
			children = (
				095AE5C024010FBD0022B535 /* Battery.app */,
				095AE5F3240117A50022B535 /* 电池.appex */,
			);
			name = Products;
			sourceTree = "<group>";
		};
		095AE5C224010FBD0022B535 /* Battery */ = {
			isa = PBXGroup;
			children = (
				095AE60224012D210022B535 /* Battery.entitlements */,
				095AE5C324010FBD0022B535 /* AppDelegate.swift */,
				095AE5C724010FBD0022B535 /* ViewController.swift */,
				095AE5C924010FBD0022B535 /* Main.storyboard */,
				095AE5CC24010FC20022B535 /* Assets.xcassets */,
				095AE5CE24010FC20022B535 /* LaunchScreen.storyboard */,
				095AE5D124010FC20022B535 /* Info.plist */,
			);
			path = Battery;
			sourceTree = "<group>";
		};
		095AE5DC24010FFA0022B535 /* Frameworks */ = {
			isa = PBXGroup;
			children = (
				095AE5DD24010FFA0022B535 /* NotificationCenter.framework */,
			);
			name = Frameworks;
			sourceTree = "<group>";
		};
		095AE5F5240117A50022B535 /* BatteryExtension */ = {
			isa = PBXGroup;
			children = (
				095AE60324012D470022B535 /* 电池.entitlements */,
				095AE5F6240117A50022B535 /* TodayViewController.swift */,
				095AE5F8240117A50022B535 /* MainInterface.storyboard */,
				095AE5FB240117A50022B535 /* Info.plist */,
			);
			path = BatteryExtension;
			sourceTree = "<group>";
		};
/* End PBXGroup section */

/* Begin PBXNativeTarget section */
		095AE5BF24010FBD0022B535 /* Battery */ = {
			isa = PBXNativeTarget;
			buildConfigurationList = 095AE5D424010FC20022B535 /* Build configuration list for PBXNativeTarget "Battery" */;
			buildPhases = (
				095AE5BC24010FBD0022B535 /* Sources */,
				095AE5BD24010FBD0022B535 /* Frameworks */,
				095AE5BE24010FBD0022B535 /* Resources */,
				095AE5EC24010FFA0022B535 /* Embed App Extensions */,
			);
			buildRules = (
			);
			dependencies = (
				095AE5FD240117A50022B535 /* PBXTargetDependency */,
			);
			name = Battery;
			productName = Battery;
			productReference = 095AE5C024010FBD0022B535 /* Battery.app */;
			productType = "com.apple.product-type.application";
		};
		095AE5F2240117A50022B535 /* BatteryExtension */ = {
			isa = PBXNativeTarget;
			buildConfigurationList = 095AE5FF240117A50022B535 /* Build configuration list for PBXNativeTarget "BatteryExtension" */;
			buildPhases = (
				095AE5EF240117A50022B535 /* Sources */,
				095AE5F0240117A50022B535 /* Frameworks */,
				095AE5F1240117A50022B535 /* Resources */,
			);
			buildRules = (
			);
			dependencies = (
			);
			name = BatteryExtension;
			productName = BatteryExtension;
			productReference = 095AE5F3240117A50022B535 /* 电池.appex */;
			productType = "com.apple.product-type.app-extension";
		};
/* End PBXNativeTarget section */

/* Begin PBXProject section */
		095AE5B824010FBD0022B535 /* Project object */ = {
			isa = PBXProject;
			attributes = {
				LastSwiftUpdateCheck = 1130;
				LastUpgradeCheck = 1130;
				ORGANIZATIONNAME = "李招雄";
				TargetAttributes = {
					095AE5BF24010FBD0022B535 = {
						CreatedOnToolsVersion = 11.3.1;
					};
					095AE5F2240117A50022B535 = {
						CreatedOnToolsVersion = 11.3.1;
					};
				};
			};
			buildConfigurationList = 095AE5BB24010FBD0022B535 /* Build configuration list for PBXProject "Battery" */;
			compatibilityVersion = "Xcode 9.3";
			developmentRegion = en;
			hasScannedForEncodings = 0;
			knownRegions = (
				en,
				Base,
			);
			mainGroup = 095AE5B724010FBD0022B535;
			productRefGroup = 095AE5C124010FBD0022B535 /* Products */;
			projectDirPath = "";
			projectRoot = "";
			targets = (
				095AE5BF24010FBD0022B535 /* Battery */,
				095AE5F2240117A50022B535 /* BatteryExtension */,
			);
		};
/* End PBXProject section */

/* Begin PBXResourcesBuildPhase section */
		095AE5BE24010FBD0022B535 /* Resources */ = {
			isa = PBXResourcesBuildPhase;
			buildActionMask = 2147483647;
			files = (
				095AE5D024010FC20022B535 /* LaunchScreen.storyboard in Resources */,
				095AE5CD24010FC20022B535 /* Assets.xcassets in Resources */,
				095AE5CB24010FBD0022B535 /* Main.storyboard in Resources */,
			);
			runOnlyForDeploymentPostprocessing = 0;
		};
		095AE5F1240117A50022B535 /* Resources */ = {
			isa = PBXResourcesBuildPhase;
			buildActionMask = 2147483647;
			files = (
				095AE5FA240117A50022B535 /* MainInterface.storyboard in Resources */,
			);
			runOnlyForDeploymentPostprocessing = 0;
		};
/* End PBXResourcesBuildPhase section */

/* Begin PBXSourcesBuildPhase section */
		095AE5BC24010FBD0022B535 /* Sources */ = {
			isa = PBXSourcesBuildPhase;
			buildActionMask = 2147483647;
			files = (
				095AE5C824010FBD0022B535 /* ViewController.swift in Sources */,
				095AE5C424010FBD0022B535 /* AppDelegate.swift in Sources */,
			);
			runOnlyForDeploymentPostprocessing = 0;
		};
		095AE5EF240117A50022B535 /* Sources */ = {
			isa = PBXSourcesBuildPhase;
			buildActionMask = 2147483647;
			files = (
				095AE5F7240117A50022B535 /* TodayViewController.swift in Sources */,
			);
			runOnlyForDeploymentPostprocessing = 0;
		};
/* End PBXSourcesBuildPhase section */

/* Begin PBXTargetDependency section */
		095AE5FD240117A50022B535 /* PBXTargetDependency */ = {
			isa = PBXTargetDependency;
			target = 095AE5F2240117A50022B535 /* BatteryExtension */;
			targetProxy = 095AE5FC240117A50022B535 /* PBXContainerItemProxy */;
		};
/* End PBXTargetDependency section */

/* Begin PBXVariantGroup section */
		095AE5C924010FBD0022B535 /* Main.storyboard */ = {
			isa = PBXVariantGroup;
			children = (
				095AE5CA24010FBD0022B535 /* Base */,
			);
			name = Main.storyboard;
			sourceTree = "<group>";
		};
		095AE5CE24010FC20022B535 /* LaunchScreen.storyboard */ = {
			isa = PBXVariantGroup;
			children = (
				095AE5CF24010FC20022B535 /* Base */,
			);
			name = LaunchScreen.storyboard;
			sourceTree = "<group>";
		};
		095AE5F8240117A50022B535 /* MainInterface.storyboard */ = {
			isa = PBXVariantGroup;
			children = (
				095AE5F9240117A50022B535 /* Base */,
			);
			name = MainInterface.storyboard;
			sourceTree = "<group>";
		};
/* End PBXVariantGroup section */

/* Begin XCBuildConfiguration section */
		095AE5D224010FC20022B535 /* Debug */ = {
			isa = XCBuildConfiguration;
			buildSettings = {
				ALWAYS_SEARCH_USER_PATHS = NO;
				CLANG_ANALYZER_NONNULL = YES;
				CLANG_ANALYZER_NUMBER_OBJECT_CONVERSION = YES_AGGRESSIVE;
				CLANG_CXX_LANGUAGE_STANDARD = "gnu++14";
				CLANG_CXX_LIBRARY = "libc++";
				CLANG_ENABLE_MODULES = YES;
				CLANG_ENABLE_OBJC_ARC = YES;
				CLANG_ENABLE_OBJC_WEAK = YES;
				CLANG_WARN_BLOCK_CAPTURE_AUTORELEASING = YES;
				CLANG_WARN_BOOL_CONVERSION = YES;
				CLANG_WARN_COMMA = YES;
				CLANG_WARN_CONSTANT_CONVERSION = YES;
				CLANG_WARN_DEPRECATED_OBJC_IMPLEMENTATIONS = YES;
				CLANG_WARN_DIRECT_OBJC_ISA_USAGE = YES_ERROR;
				CLANG_WARN_DOCUMENTATION_COMMENTS = YES;
				CLANG_WARN_EMPTY_BODY = YES;
				CLANG_WARN_ENUM_CONVERSION = YES;
				CLANG_WARN_INFINITE_RECURSION = YES;
				CLANG_WARN_INT_CONVERSION = YES;
				CLANG_WARN_NON_LITERAL_NULL_CONVERSION = YES;
				CLANG_WARN_OBJC_IMPLICIT_RETAIN_SELF = YES;
				CLANG_WARN_OBJC_LITERAL_CONVERSION = YES;
				CLANG_WARN_OBJC_ROOT_CLASS = YES_ERROR;
				CLANG_WARN_RANGE_LOOP_ANALYSIS = YES;
				CLANG_WARN_STRICT_PROTOTYPES = YES;
				CLANG_WARN_SUSPICIOUS_MOVE = YES;
				CLANG_WARN_UNGUARDED_AVAILABILITY = YES_AGGRESSIVE;
				CLANG_WARN_UNREACHABLE_CODE = YES;
				CLANG_WARN__DUPLICATE_METHOD_MATCH = YES;
				COPY_PHASE_STRIP = NO;
				DEBUG_INFORMATION_FORMAT = dwarf;
				ENABLE_STRICT_OBJC_MSGSEND = YES;
				ENABLE_TESTABILITY = YES;
				GCC_C_LANGUAGE_STANDARD = gnu11;
				GCC_DYNAMIC_NO_PIC = NO;
				GCC_NO_COMMON_BLOCKS = YES;
				GCC_OPTIMIZATION_LEVEL = 0;
				GCC_PREPROCESSOR_DEFINITIONS = (
					"DEBUG=1",
					"$(inherited)",
				);
				GCC_WARN_64_TO_32_BIT_CONVERSION = YES;
				GCC_WARN_ABOUT_RETURN_TYPE = YES_ERROR;
				GCC_WARN_UNDECLARED_SELECTOR = YES;
				GCC_WARN_UNINITIALIZED_AUTOS = YES_AGGRESSIVE;
				GCC_WARN_UNUSED_FUNCTION = YES;
				GCC_WARN_UNUSED_VARIABLE = YES;
				IPHONEOS_DEPLOYMENT_TARGET = 10.0;
				MTL_ENABLE_DEBUG_INFO = INCLUDE_SOURCE;
				MTL_FAST_MATH = YES;
				ONLY_ACTIVE_ARCH = YES;
				SDKROOT = iphoneos;
				SWIFT_ACTIVE_COMPILATION_CONDITIONS = DEBUG;
				SWIFT_OPTIMIZATION_LEVEL = "-Onone";
			};
			name = Debug;
		};
		095AE5D324010FC20022B535 /* Release */ = {
			isa = XCBuildConfiguration;
			buildSettings = {
				ALWAYS_SEARCH_USER_PATHS = NO;
				CLANG_ANALYZER_NONNULL = YES;
				CLANG_ANALYZER_NUMBER_OBJECT_CONVERSION = YES_AGGRESSIVE;
				CLANG_CXX_LANGUAGE_STANDARD = "gnu++14";
				CLANG_CXX_LIBRARY = "libc++";
				CLANG_ENABLE_MODULES = YES;
				CLANG_ENABLE_OBJC_ARC = YES;
				CLANG_ENABLE_OBJC_WEAK = YES;
				CLANG_WARN_BLOCK_CAPTURE_AUTORELEASING = YES;
				CLANG_WARN_BOOL_CONVERSION = YES;
				CLANG_WARN_COMMA = YES;
				CLANG_WARN_CONSTANT_CONVERSION = YES;
				CLANG_WARN_DEPRECATED_OBJC_IMPLEMENTATIONS = YES;
				CLANG_WARN_DIRECT_OBJC_ISA_USAGE = YES_ERROR;
				CLANG_WARN_DOCUMENTATION_COMMENTS = YES;
				CLANG_WARN_EMPTY_BODY = YES;
				CLANG_WARN_ENUM_CONVERSION = YES;
				CLANG_WARN_INFINITE_RECURSION = YES;
				CLANG_WARN_INT_CONVERSION = YES;
				CLANG_WARN_NON_LITERAL_NULL_CONVERSION = YES;
				CLANG_WARN_OBJC_IMPLICIT_RETAIN_SELF = YES;
				CLANG_WARN_OBJC_LITERAL_CONVERSION = YES;
				CLANG_WARN_OBJC_ROOT_CLASS = YES_ERROR;
				CLANG_WARN_RANGE_LOOP_ANALYSIS = YES;
				CLANG_WARN_STRICT_PROTOTYPES = YES;
				CLANG_WARN_SUSPICIOUS_MOVE = YES;
				CLANG_WARN_UNGUARDED_AVAILABILITY = YES_AGGRESSIVE;
				CLANG_WARN_UNREACHABLE_CODE = YES;
				CLANG_WARN__DUPLICATE_METHOD_MATCH = YES;
				COPY_PHASE_STRIP = NO;
				DEBUG_INFORMATION_FORMAT = "dwarf-with-dsym";
				ENABLE_NS_ASSERTIONS = NO;
				ENABLE_STRICT_OBJC_MSGSEND = YES;
				GCC_C_LANGUAGE_STANDARD = gnu11;
				GCC_NO_COMMON_BLOCKS = YES;
				GCC_WARN_64_TO_32_BIT_CONVERSION = YES;
				GCC_WARN_ABOUT_RETURN_TYPE = YES_ERROR;
				GCC_WARN_UNDECLARED_SELECTOR = YES;
				GCC_WARN_UNINITIALIZED_AUTOS = YES_AGGRESSIVE;
				GCC_WARN_UNUSED_FUNCTION = YES;
				GCC_WARN_UNUSED_VARIABLE = YES;
				IPHONEOS_DEPLOYMENT_TARGET = 10.0;
				MTL_ENABLE_DEBUG_INFO = NO;
				MTL_FAST_MATH = YES;
				SDKROOT = iphoneos;
				SWIFT_COMPILATION_MODE = wholemodule;
				SWIFT_OPTIMIZATION_LEVEL = "-O";
				VALIDATE_PRODUCT = YES;
			};
			name = Release;
		};
		095AE5D524010FC20022B535 /* Debug */ = {
			isa = XCBuildConfiguration;
			buildSettings = {
				ALWAYS_EMBED_SWIFT_STANDARD_LIBRARIES = YES;
				ASSETCATALOG_COMPILER_APPICON_NAME = AppIcon;
				CODE_SIGN_ENTITLEMENTS = Battery/Battery.entitlements;
				CODE_SIGN_STYLE = Automatic;
				DEVELOPMENT_TEAM = S8355PYJ5H;
				INFOPLIST_FILE = Battery/Info.plist;
				LD_RUNPATH_SEARCH_PATHS = (
					"$(inherited)",
					"@executable_path/Frameworks",
				);
				PRODUCT_BUNDLE_IDENTIFIER = com.xiong.Battery;
				PRODUCT_NAME = Battery;
				SWIFT_VERSION = 5.0;
				TARGETED_DEVICE_FAMILY = "1,2";
			};
			name = Debug;
		};
		095AE5D624010FC20022B535 /* Release */ = {
			isa = XCBuildConfiguration;
			buildSettings = {
				ALWAYS_EMBED_SWIFT_STANDARD_LIBRARIES = YES;
				ASSETCATALOG_COMPILER_APPICON_NAME = AppIcon;
				CODE_SIGN_ENTITLEMENTS = Battery/Battery.entitlements;
				CODE_SIGN_STYLE = Automatic;
				DEVELOPMENT_TEAM = S8355PYJ5H;
				INFOPLIST_FILE = Battery/Info.plist;
				LD_RUNPATH_SEARCH_PATHS = (
					"$(inherited)",
					"@executable_path/Frameworks",
				);
				PRODUCT_BUNDLE_IDENTIFIER = com.xiong.Battery;
				PRODUCT_NAME = Battery;
				SWIFT_VERSION = 5.0;
				TARGETED_DEVICE_FAMILY = "1,2";
			};
			name = Release;
		};
		095AE600240117A50022B535 /* Debug */ = {
			isa = XCBuildConfiguration;
			buildSettings = {
				CODE_SIGN_ENTITLEMENTS = "BatteryExtension/电池.entitlements";
				CODE_SIGN_STYLE = Automatic;
				DEVELOPMENT_TEAM = S8355PYJ5H;
				INFOPLIST_FILE = BatteryExtension/Info.plist;
				LD_RUNPATH_SEARCH_PATHS = (
					"$(inherited)",
					"@executable_path/Frameworks",
					"@executable_path/../../Frameworks",
				);
				PRODUCT_BUNDLE_IDENTIFIER = com.xiong.Battery.BatteryExtension;
				PRODUCT_NAME = "电池";
				SKIP_INSTALL = YES;
				SWIFT_VERSION = 5.0;
				TARGETED_DEVICE_FAMILY = "1,2";
			};
			name = Debug;
		};
		095AE601240117A50022B535 /* Release */ = {
			isa = XCBuildConfiguration;
			buildSettings = {
				CODE_SIGN_ENTITLEMENTS = "BatteryExtension/电池.entitlements";
				CODE_SIGN_STYLE = Automatic;
				DEVELOPMENT_TEAM = S8355PYJ5H;
				INFOPLIST_FILE = BatteryExtension/Info.plist;
				LD_RUNPATH_SEARCH_PATHS = (
					"$(inherited)",
					"@executable_path/Frameworks",
					"@executable_path/../../Frameworks",
				);
				PRODUCT_BUNDLE_IDENTIFIER = com.xiong.Battery.BatteryExtension;
				PRODUCT_NAME = "电池";
				SKIP_INSTALL = YES;
				SWIFT_VERSION = 5.0;
				TARGETED_DEVICE_FAMILY = "1,2";
			};
			name = Release;
		};
/* End XCBuildConfiguration section */

/* Begin XCConfigurationList section */
		095AE5BB24010FBD0022B535 /* Build configuration list for PBXProject "Battery" */ = {
			isa = XCConfigurationList;
			buildConfigurations = (
				095AE5D224010FC20022B535 /* Debug */,
				095AE5D324010FC20022B535 /* Release */,
			);
			defaultConfigurationIsVisible = 0;
			defaultConfigurationName = Release;
		};
		095AE5D424010FC20022B535 /* Build configuration list for PBXNativeTarget "Battery" */ = {
			isa = XCConfigurationList;
			buildConfigurations = (
				095AE5D524010FC20022B535 /* Debug */,
				095AE5D624010FC20022B535 /* Release */,
			);
			defaultConfigurationIsVisible = 0;
			defaultConfigurationName = Release;
		};
		095AE5FF240117A50022B535 /* Build configuration list for PBXNativeTarget "BatteryExtension" */ = {
			isa = XCConfigurationList;
			buildConfigurations = (
				095AE600240117A50022B535 /* Debug */,
				095AE601240117A50022B535 /* Release */,
			);
			defaultConfigurationIsVisible = 0;
			defaultConfigurationName = Release;
		};
/* End XCConfigurationList section */
	};
	rootObject = 095AE5B824010FBD0022B535 /* Project object */;
}
